
Microsoft Visual Studio Solution File, Format Version 12.00
# Visual Studio Version 17
VisualStudioVersion = 17.9.34902.65
MinimumVisualStudioVersion = 10.0.40219.1
Project("{FAE04EC0-301F-11D3-BF4B-00C04F79EFBC}") = "Labs", "Labs.csproj", "{7AE70BB7-9D53-41D3-B119-DA6EAC86FBA8}"
EndProject
Global
	GlobalSection(SolutionConfigurationPlatforms) = preSolution
		Debug|Any CPU = Debug|Any CPU
		Release|Any CPU = Release|Any CPU
	EndGlobalSection
	GlobalSection(ProjectConfigurationPlatforms) = postSolution
		{7AE70BB7-9D53-41D3-B119-DA6EAC86FBA8}.Debug|Any CPU.ActiveCfg = Debug|Any CPU
		{7AE70BB7-9D53-41D3-B119-DA6EAC86FBA8}.Debug|Any CPU.Build.0 = Debug|Any CPU
		{7AE70BB7-9D53-41D3-B119-DA6EAC86FBA8}.Release|Any CPU.ActiveCfg = Release|Any CPU
		{7AE70BB7-9D53-41D3-B119-DA6EAC86FBA8}.Release|Any CPU.Build.0 = Release|Any CPU
	EndGlobalSection
	GlobalSection(SolutionProperties) = preSolution
		HideSolutionNode = FALSE
	EndGlobalSection
	GlobalSection(ExtensibilityGlobals) = postSolution
		SolutionGuid = {86EE8F65-5050-4768-837E-4E7AEEEF5BC3}
	EndGlobalSection
EndGlobal
